
Microsoft Visual Studio Solution File, Format Version 12.00
# Visual Studio Version 17
VisualStudioVersion = 17.0.31903.59
MinimumVisualStudioVersion = 10.0.40219.1
Project("{FAE04EC0-301F-11D3-BF4B-00C04F79EFBC}") = "SerializableDictionaryPlugin", "SerializedDictionaryPlugin\SerializableDictionaryPlugin.csproj", "{FA41FC0B-11CC-4F98-B185-96F440AF3C21}"
EndProject
Project("{FAE04EC0-301F-11D3-BF4B-00C04F79EFBC}") = "SerializableDictionaryPlugin.Shared", "SerializedDictionaryPlugin.Shared\SerializableDictionaryPlugin.Shared.csproj", "{5955E40A-22E7-4FD2-AD18-75DA6CA12DB7}"
EndProject
Project("{FAE04EC0-301F-11D3-BF4B-00C04F79EFBC}") = "UABEAvalonia", "uabea\UABEAvalonia\UABEAvalonia.csproj", "{9848B66C-5447-408F-A496-5600AFFCE4A2}"
EndProject
Global
	GlobalSection(SolutionConfigurationPlatforms) = preSolution
		Debug|Any CPU = Debug|Any CPU
		Release|Any CPU = Release|Any CPU
	EndGlobalSection
	GlobalSection(SolutionProperties) = preSolution
		HideSolutionNode = FALSE
	EndGlobalSection
	GlobalSection(ProjectConfigurationPlatforms) = postSolution
		{FA41FC0B-11CC-4F98-B185-96F440AF3C21}.Debug|Any CPU.ActiveCfg = Debug|Any CPU
		{FA41FC0B-11CC-4F98-B185-96F440AF3C21}.Debug|Any CPU.Build.0 = Debug|Any CPU
		{FA41FC0B-11CC-4F98-B185-96F440AF3C21}.Release|Any CPU.ActiveCfg = Release|Any CPU
		{FA41FC0B-11CC-4F98-B185-96F440AF3C21}.Release|Any CPU.Build.0 = Release|Any CPU
		{5955E40A-22E7-4FD2-AD18-75DA6CA12DB7}.Debug|Any CPU.ActiveCfg = Debug|Any CPU
		{5955E40A-22E7-4FD2-AD18-75DA6CA12DB7}.Debug|Any CPU.Build.0 = Debug|Any CPU
		{5955E40A-22E7-4FD2-AD18-75DA6CA12DB7}.Release|Any CPU.ActiveCfg = Release|Any CPU
		{5955E40A-22E7-4FD2-AD18-75DA6CA12DB7}.Release|Any CPU.Build.0 = Release|Any CPU
		{9848B66C-5447-408F-A496-5600AFFCE4A2}.Debug|Any CPU.ActiveCfg = Debug|Any CPU
		{9848B66C-5447-408F-A496-5600AFFCE4A2}.Debug|Any CPU.Build.0 = Debug|Any CPU
		{9848B66C-5447-408F-A496-5600AFFCE4A2}.Release|Any CPU.ActiveCfg = Release|Any CPU
		{9848B66C-5447-408F-A496-5600AFFCE4A2}.Release|Any CPU.Build.0 = Release|Any CPU
	EndGlobalSection
EndGlobal
